PODS:
  - Action (4.0.0):
    - RxCocoa (~> 5.0)
    - RxSwift (~> 5.0)
  - Alamofire (4.9.0)
  - AlamofireNetworkActivityLogger (2.4.0):
    - Alamofire (~> 4.8)
  - Differentiator (4.0.1)
  - Kingfisher (5.14.1):
    - Kingfisher/Core (= 5.14.1)
  - Kingfisher/Core (5.14.1)
  - notificare-push-lib (2.3.2)
  - "NSObject+Rx (5.0.2)":
    - RxSwift (~> 5.0)
  - OneSignal (2.15.2)
  - PiwikPROSDK (1.0.5)
  - Reusable (4.1.0):
    - Reusable/Storyboard (= 4.1.0)
    - Reusable/View (= 4.1.0)
  - Reusable/Storyboard (4.1.0)
  - Reusable/View (4.1.0)
  - RxCocoa (5.1.0):
    - RxRelay (~> 5)
    - RxSwift (~> 5)
  - RxDataSources (4.0.1):
    - Differentiator (~> 4.0)
    - RxCocoa (~> 5.0)
    - RxSwift (~> 5.0)
  - RxGesture (3.0.1):
    - RxCocoa (~> 5.0)
    - RxSwift (~> 5.0)
  - RxRelay (5.1.1):
    - RxSwift (~> 5)
  - RxSwift (5.1.0)
  - SwiftLint (0.35.0)

DEPENDENCIES:
  - Action (= 4.0.0)
  - Alamofire (= 4.9.0)
  - AlamofireNetworkActivityLogger (= 2.4.0)
  - Kingfisher (= 5.14.1)
  - notificare-push-lib (= 2.3.2)
  - "NSObject+Rx (= 5.0.2)"
  - OneSignal (< 3.0, >= 2.11.2)
  - PiwikPROSDK (= 1.0.5)
  - Reusable (= 4.1.0)
  - RxCocoa (= 5.1.0)
  - RxDataSources (= 4.0.1)
  - RxGesture (= 3.0.1)
  - RxSwift (= 5.1.0)
  - SwiftLint (= 0.35.0)

SPEC REPOS:
  trunk:
    - Action
    - Alamofire
    - AlamofireNetworkActivityLogger
    - Differentiator
    - Kingfisher
    - notificare-push-lib
    - "NSObject+Rx"
    - OneSignal
    - PiwikPROSDK
    - Reusable
    - RxCocoa
    - RxDataSources
    - RxGesture
    - RxRelay
    - RxSwift
    - SwiftLint

SPEC CHECKSUMS:
  Action: 0d14986aad0f1330aa27ce65d0cdeaacbb63d91c
  Alamofire: afc3e7c6db61476cb45cdd23fed06bad03bbc321
  AlamofireNetworkActivityLogger: 6d3398c692d2c5d83b0c58793537860aca1e383d
  Differentiator: 886080237d9f87f322641dedbc5be257061b0602
  Kingfisher: 8050bc6f7f68cbf3908bd04df7ccbac188f6d6d6
  notificare-push-lib: 9af318893c3555516e64a019448e5f966eef23fe
  "NSObject+Rx": 2eb2cf51fd1c554118449a7fbc36e4cd620b9e94
  OneSignal: 9531e385388565f4d31797ddadbe0fcc786430ec
  PiwikPROSDK: 475e93cf142948724726e4677a60136b5d893d89
  Reusable: 82be188f29d96dc5eff0db7b2393bcc08d2cdd5b
  RxCocoa: 13d2a4d7546a34b8ececae8c281e4ea1dbb94f2b
  RxDataSources: efee07fa4de48477eca0a4611e6d11e2da9c1114
  RxGesture: a3f8dd6adf078110ed5e1c9c30d09d705a09852e
  RxRelay: d77f7d771495f43c556cbc43eebd1bb54d01e8e9
  RxSwift: ad5874f24bb0dbffd1e9bb8443604e3578796c7a
  SwiftLint: 5553187048b900c91aa03552807681bb6b027846

PODFILE CHECKSUM: 9bc308e15e4de45aa31f373f6b9771ad090f5932

COCOAPODS: 1.9.3
